PODS:
  - Apollo (0.41.0):
    - Apollo/Core (= 0.41.0)
  - Apollo/Core (0.41.0)
  - SDWebImage (5.10.4):
    - SDWebImage/Core (= 5.10.4)
  - SDWebImage/Core (5.10.4)
  - SDWebImageSwiftUI (1.5.0):
    - SDWebImage (~> 5.7)

DEPENDENCIES:
  - Apollo
  - SDWebImageSwiftUI

SPEC REPOS:
  trunk:
    - Apollo
    - SDWebImage
    - SDWebImageSwiftUI

SPEC CHECKSUMS:
  Apollo: abe51edae238da17570535e370ffe1bec276275b
  SDWebImage: c666b97e1fa9c64b4909816a903322018f0a9c84
  SDWebImageSwiftUI: 43687ffe232ddd33fe0659498b7ca9884fdd6b35

PODFILE CHECKSUM: 854649ac9cad7ff3929af0eb04c47c722edd7d19

COCOAPODS: 1.10.1
