// !$*UTF8*$!
{
	archiveVersion = 1;
	classes = {
	};
	objectVersion = 51;
	objects = {

/* Begin PBXBuildFile section */
		060B738B256340580035E252 /* BubblePeriodText.swift in Sources */ = {isa = PBXBuildFile; fileRef = 060B738A256340580035E252 /* BubblePeriodText.swift */; };
		060B739A256373AF0035E252 /* Begum-Medium.ttf in Resources */ = {isa = PBXBuildFile; fileRef = 060B7399256373AE0035E252 /* Begum-Medium.ttf */; };
		060FFDDC2577EC800052F3EA /* WelcomeView.swift in Sources */ = {isa = PBXBuildFile; fileRef = 060FFDD92577EC800052F3EA /* WelcomeView.swift */; };
		060FFDDD2577EC800052F3EA /* FollowView.swift in Sources */ = {isa = PBXBuildFile; fileRef = 060FFDDA2577EC800052F3EA /* FollowView.swift */; };
		060FFDDE2577EC800052F3EA /* OnboardingView.swift in Sources */ = {isa = PBXBuildFile; fileRef = 060FFDDB2577EC800052F3EA /* OnboardingView.swift */; };
		061233A12553127C0025F7E0 /* UnderlinedText.swift in Sources */ = {isa = PBXBuildFile; fileRef = 061233A02553127C0025F7E0 /* UnderlinedText.swift */; };
		061BA9E1259E355C00B93AEB /* Secrets.plist in Resources */ = {isa = PBXBuildFile; fileRef = 061BA9E0259E355C00B93AEB /* Secrets.plist */; };
		061DB39725571D760038BEF5 /* Font+Extension.swift in Sources */ = {isa = PBXBuildFile; fileRef = 061DB39625571D760038BEF5 /* Font+Extension.swift */; };
		06379C74256725C000FC185A /* Begum-Regular.ttf in Resources */ = {isa = PBXBuildFile; fileRef = 06379C73256725C000FC185A /* Begum-Regular.ttf */; };
		06379C792567297400FC185A /* Begum-Bold.ttf in Resources */ = {isa = PBXBuildFile; fileRef = 06379C782567297400FC185A /* Begum-Bold.ttf */; };
		063EED25257BF8A7002136EE /* Network.swift in Sources */ = {isa = PBXBuildFile; fileRef = 063EED24257BF8A7002136EE /* Network.swift */; };
		063EED4A257BFDA9002136EE /* PublicationsQueries.graphql in Resources */ = {isa = PBXBuildFile; fileRef = 063EED49257BFDA9002136EE /* PublicationsQueries.graphql */; };
		06491F7325787E870045F27D /* TrackableScrollView.swift in Sources */ = {isa = PBXBuildFile; fileRef = 06491F7225787E870045F27D /* TrackableScrollView.swift */; };
		06662888257F204E006FEBCF /* Secrets.swift in Sources */ = {isa = PBXBuildFile; fileRef = 06662887257F204E006FEBCF /* Secrets.swift */; };
		0685AA9E259EA84900DD55C4 /* BrowserView.swift in Sources */ = {isa = PBXBuildFile; fileRef = 0685AA9D259EA84900DD55C4 /* BrowserView.swift */; };
		0685AAA1259EBA3800DD55C4 /* WebView.swift in Sources */ = {isa = PBXBuildFile; fileRef = 0685AAA0259EBA3800DD55C4 /* WebView.swift */; };
		0685AAA4259EC2AF00DD55C4 /* ArticlesMutations.graphql in Resources */ = {isa = PBXBuildFile; fileRef = 0685AAA3259EC2AF00DD55C4 /* ArticlesMutations.graphql */; };
		06A8E2532575429200C28C68 /* MainView.swift in Sources */ = {isa = PBXBuildFile; fileRef = 06A8E2522575429200C28C68 /* MainView.swift */; };
		06B23228258EDDA9006D9A53 /* SkeletonView.swift in Sources */ = {isa = PBXBuildFile; fileRef = 06B23227258EDDA9006D9A53 /* SkeletonView.swift */; };
		06B80CFC257D9E9700F3BF9B /* ArticlesQueries.graphql in Resources */ = {isa = PBXBuildFile; fileRef = 06B80CFB257D9E9700F3BF9B /* ArticlesQueries.graphql */; };
		06B80D13257DC18600F3BF9B /* WebImage+Extension.swift in Sources */ = {isa = PBXBuildFile; fileRef = 06B80D12257DC18600F3BF9B /* WebImage+Extension.swift */; };
		06DBC684257DE35F00B6A453 /* UserData.swift in Sources */ = {isa = PBXBuildFile; fileRef = 06DBC683257DE35F00B6A453 /* UserData.swift */; };
		06EC2D24259CED0500FE0A71 /* PublicationDetailHeader.swift in Sources */ = {isa = PBXBuildFile; fileRef = 06EC2D23259CED0500FE0A71 /* PublicationDetailHeader.swift */; };
		3EFA024161D57110FD6230CC /* Pods_Volume.framework in Frameworks */ = {isa = PBXBuildFile; fileRef = D32EB2090817668BEAC82D6E /* Pods_Volume.framework */; };
		7E23DFD2254A05EF0001C3A3 /* Color+Extension.swift in Sources */ = {isa = PBXBuildFile; fileRef = 7E23DFD1254A05EF0001C3A3 /* Color+Extension.swift */; };
		7E369DE825EDE3B600FC0419 /* schema.json in Resources */ = {isa = PBXBuildFile; fileRef = 7E369DE725EDE3B600FC0419 /* schema.json */; };
		7E369DF625EEA41300FC0419 /* API.swift in Sources */ = {isa = PBXBuildFile; fileRef = 7E369DF525EEA41300FC0419 /* API.swift */; };
		7E416C2F2561D47C0010D70B /* Date+Extension.swift in Sources */ = {isa = PBXBuildFile; fileRef = 7E416C2E2561D47C0010D70B /* Date+Extension.swift */; };
		7E416C322561D7870010D70B /* Header.swift in Sources */ = {isa = PBXBuildFile; fileRef = 7E416C312561D7870010D70B /* Header.swift */; };
		7E416C362561E0650010D70B /* BookmarksList.swift in Sources */ = {isa = PBXBuildFile; fileRef = 7E416C352561E0650010D70B /* BookmarksList.swift */; };
		7EA73D1F254C9BC8009E8F9F /* HomeList.swift in Sources */ = {isa = PBXBuildFile; fileRef = 7EA73D1E254C9BC8009E8F9F /* HomeList.swift */; };
		7EA73D22254C9C21009E8F9F /* ArticleRow.swift in Sources */ = {isa = PBXBuildFile; fileRef = 7EA73D21254C9C21009E8F9F /* ArticleRow.swift */; };
		7EA73D25254C9C5B009E8F9F /* BigReadArticleRow.swift in Sources */ = {isa = PBXBuildFile; fileRef = 7EA73D24254C9C5B009E8F9F /* BigReadArticleRow.swift */; };
		7EA73D28254C9C67009E8F9F /* Article.swift in Sources */ = {isa = PBXBuildFile; fileRef = 7EA73D27254C9C67009E8F9F /* Article.swift */; };
		7EA73D31254CA7E2009E8F9F /* ArticleInfo.swift in Sources */ = {isa = PBXBuildFile; fileRef = 7EA73D30254CA7E1009E8F9F /* ArticleInfo.swift */; };
		7EC15D9F257767ED0053BA0B /* Publication.swift in Sources */ = {isa = PBXBuildFile; fileRef = 7E8658AD254B71FF002DEE68 /* Publication.swift */; };
		7EC15DA0257767ED0053BA0B /* FollowingPublicationRow.swift in Sources */ = {isa = PBXBuildFile; fileRef = 7E8658B4254B7FF2002DEE68 /* FollowingPublicationRow.swift */; };
		7EC15DA1257767ED0053BA0B /* MorePublicationRow.swift in Sources */ = {isa = PBXBuildFile; fileRef = 7E8658AA254B71D7002DEE68 /* MorePublicationRow.swift */; };
		7EC15DA2257767ED0053BA0B /* PublicationDetail.swift in Sources */ = {isa = PBXBuildFile; fileRef = 7E8658A4254B7173002DEE68 /* PublicationDetail.swift */; };
		7EC15DA3257767ED0053BA0B /* PublicationList.swift in Sources */ = {isa = PBXBuildFile; fileRef = 7E8658A7254B719A002DEE68 /* PublicationList.swift */; };
		7ED7C337252D117A0078B1BD /* AppDelegate.swift in Sources */ = {isa = PBXBuildFile; fileRef = 7ED7C336252D117A0078B1BD /* AppDelegate.swift */; };
		7ED7C339252D117A0078B1BD /* SceneDelegate.swift in Sources */ = {isa = PBXBuildFile; fileRef = 7ED7C338252D117A0078B1BD /* SceneDelegate.swift */; };
		7ED7C33B252D117A0078B1BD /* ContentView.swift in Sources */ = {isa = PBXBuildFile; fileRef = 7ED7C33A252D117A0078B1BD /* ContentView.swift */; };
		7ED7C33D252D117B0078B1BD /* Assets.xcassets in Resources */ = {isa = PBXBuildFile; fileRef = 7ED7C33C252D117B0078B1BD /* Assets.xcassets */; };
		7ED7C340252D117B0078B1BD /* Preview Assets.xcassets in Resources */ = {isa = PBXBuildFile; fileRef = 7ED7C33F252D117B0078B1BD /* Preview Assets.xcassets */; };
		7ED7C343252D117B0078B1BD /* LaunchScreen.storyboard in Resources */ = {isa = PBXBuildFile; fileRef = 7ED7C341252D117B0078B1BD /* LaunchScreen.storyboard */; };
		7EE96DC82562505B000B246F /* VolumeMessage.swift in Sources */ = {isa = PBXBuildFile; fileRef = 7EE96DC72562505B000B246F /* VolumeMessage.swift */; };
/* End PBXBuildFile section */

/* Begin PBXFileReference section */
		060B738A256340580035E252 /* BubblePeriodText.swift */ = {isa = PBXFileReference; lastKnownFileType = sourcecode.swift; path = BubblePeriodText.swift; sourceTree = "<group>"; };
		060B7399256373AE0035E252 /* Begum-Medium.ttf */ = {isa = PBXFileReference; lastKnownFileType = file; path = "Begum-Medium.ttf"; sourceTree = "<group>"; };
		060FFDD92577EC800052F3EA /* WelcomeView.swift */ = {isa = PBXFileReference; fileEncoding = 4; lastKnownFileType = sourcecode.swift; path = WelcomeView.swift; sourceTree = "<group>"; };
		060FFDDA2577EC800052F3EA /* FollowView.swift */ = {isa = PBXFileReference; fileEncoding = 4; lastKnownFileType = sourcecode.swift; path = FollowView.swift; sourceTree = "<group>"; };
		060FFDDB2577EC800052F3EA /* OnboardingView.swift */ = {isa = PBXFileReference; fileEncoding = 4; lastKnownFileType = sourcecode.swift; path = OnboardingView.swift; sourceTree = "<group>"; };
		061233A02553127C0025F7E0 /* UnderlinedText.swift */ = {isa = PBXFileReference; lastKnownFileType = sourcecode.swift; path = UnderlinedText.swift; sourceTree = "<group>"; };
		061BA9E0259E355C00B93AEB /* Secrets.plist */ = {isa = PBXFileReference; fileEncoding = 4; lastKnownFileType = text.plist.xml; path = Secrets.plist; sourceTree = "<group>"; };
		061DB39625571D760038BEF5 /* Font+Extension.swift */ = {isa = PBXFileReference; lastKnownFileType = sourcecode.swift; path = "Font+Extension.swift"; sourceTree = "<group>"; };
		06379C73256725C000FC185A /* Begum-Regular.ttf */ = {isa = PBXFileReference; lastKnownFileType = file; path = "Begum-Regular.ttf"; sourceTree = "<group>"; };
		06379C782567297400FC185A /* Begum-Bold.ttf */ = {isa = PBXFileReference; lastKnownFileType = file; path = "Begum-Bold.ttf"; sourceTree = "<group>"; };
		063EED22257BF870002136EE /* Podfile */ = {isa = PBXFileReference; lastKnownFileType = text; path = Podfile; sourceTree = SOURCE_ROOT; };
		063EED24257BF8A7002136EE /* Network.swift */ = {isa = PBXFileReference; fileEncoding = 4; lastKnownFileType = sourcecode.swift; path = Network.swift; sourceTree = "<group>"; };
		063EED49257BFDA9002136EE /* PublicationsQueries.graphql */ = {isa = PBXFileReference; lastKnownFileType = text; path = PublicationsQueries.graphql; sourceTree = "<group>"; };
		06491F7225787E870045F27D /* TrackableScrollView.swift */ = {isa = PBXFileReference; lastKnownFileType = sourcecode.swift; path = TrackableScrollView.swift; sourceTree = "<group>"; };
		06662887257F204E006FEBCF /* Secrets.swift */ = {isa = PBXFileReference; lastKnownFileType = sourcecode.swift; path = Secrets.swift; sourceTree = "<group>"; };
		0685AA9D259EA84900DD55C4 /* BrowserView.swift */ = {isa = PBXFileReference; lastKnownFileType = sourcecode.swift; path = BrowserView.swift; sourceTree = "<group>"; };
		0685AAA0259EBA3800DD55C4 /* WebView.swift */ = {isa = PBXFileReference; lastKnownFileType = sourcecode.swift; path = WebView.swift; sourceTree = "<group>"; };
		0685AAA3259EC2AF00DD55C4 /* ArticlesMutations.graphql */ = {isa = PBXFileReference; lastKnownFileType = text; path = ArticlesMutations.graphql; sourceTree = "<group>"; };
		06A8E2522575429200C28C68 /* MainView.swift */ = {isa = PBXFileReference; lastKnownFileType = sourcecode.swift; path = MainView.swift; sourceTree = "<group>"; };
		06B23227258EDDA9006D9A53 /* SkeletonView.swift */ = {isa = PBXFileReference; lastKnownFileType = sourcecode.swift; path = SkeletonView.swift; sourceTree = "<group>"; };
		06B80CFB257D9E9700F3BF9B /* ArticlesQueries.graphql */ = {isa = PBXFileReference; lastKnownFileType = text; path = ArticlesQueries.graphql; sourceTree = "<group>"; };
		06B80D12257DC18600F3BF9B /* WebImage+Extension.swift */ = {isa = PBXFileReference; lastKnownFileType = sourcecode.swift; path = "WebImage+Extension.swift"; sourceTree = "<group>"; };
		06DBC683257DE35F00B6A453 /* UserData.swift */ = {isa = PBXFileReference; lastKnownFileType = sourcecode.swift; path = UserData.swift; sourceTree = "<group>"; };
		06EC2D23259CED0500FE0A71 /* PublicationDetailHeader.swift */ = {isa = PBXFileReference; lastKnownFileType = sourcecode.swift; path = PublicationDetailHeader.swift; sourceTree = "<group>"; };
		7E23DFD1254A05EF0001C3A3 /* Color+Extension.swift */ = {isa = PBXFileReference; lastKnownFileType = sourcecode.swift; path = "Color+Extension.swift"; sourceTree = "<group>"; };
		7E369DE725EDE3B600FC0419 /* schema.json */ = {isa = PBXFileReference; fileEncoding = 4; lastKnownFileType = text.json; path = schema.json; sourceTree = "<group>"; };
		7E369DF525EEA41300FC0419 /* API.swift */ = {isa = PBXFileReference; fileEncoding = 4; lastKnownFileType = sourcecode.swift; path = API.swift; sourceTree = "<group>"; };
		7E416C2E2561D47C0010D70B /* Date+Extension.swift */ = {isa = PBXFileReference; lastKnownFileType = sourcecode.swift; path = "Date+Extension.swift"; sourceTree = "<group>"; };
		7E416C312561D7870010D70B /* Header.swift */ = {isa = PBXFileReference; lastKnownFileType = sourcecode.swift; path = Header.swift; sourceTree = "<group>"; };
		7E416C352561E0650010D70B /* BookmarksList.swift */ = {isa = PBXFileReference; lastKnownFileType = sourcecode.swift; path = BookmarksList.swift; sourceTree = "<group>"; };
		7E8658A4254B7173002DEE68 /* PublicationDetail.swift */ = {isa = PBXFileReference; lastKnownFileType = sourcecode.swift; path = PublicationDetail.swift; sourceTree = "<group>"; };
		7E8658A7254B719A002DEE68 /* PublicationList.swift */ = {isa = PBXFileReference; lastKnownFileType = sourcecode.swift; path = PublicationList.swift; sourceTree = "<group>"; };
		7E8658AA254B71D7002DEE68 /* MorePublicationRow.swift */ = {isa = PBXFileReference; lastKnownFileType = sourcecode.swift; path = MorePublicationRow.swift; sourceTree = "<group>"; };
		7E8658AD254B71FF002DEE68 /* Publication.swift */ = {isa = PBXFileReference; lastKnownFileType = sourcecode.swift; path = Publication.swift; sourceTree = "<group>"; };
		7E8658B4254B7FF2002DEE68 /* FollowingPublicationRow.swift */ = {isa = PBXFileReference; lastKnownFileType = sourcecode.swift; path = FollowingPublicationRow.swift; sourceTree = "<group>"; };
		7EA73D1E254C9BC8009E8F9F /* HomeList.swift */ = {isa = PBXFileReference; lastKnownFileType = sourcecode.swift; path = HomeList.swift; sourceTree = "<group>"; };
		7EA73D21254C9C21009E8F9F /* ArticleRow.swift */ = {isa = PBXFileReference; lastKnownFileType = sourcecode.swift; name = ArticleRow.swift; path = "Volume/View Models/ArticleRow.swift"; sourceTree = SOURCE_ROOT; };
		7EA73D24254C9C5B009E8F9F /* BigReadArticleRow.swift */ = {isa = PBXFileReference; lastKnownFileType = sourcecode.swift; name = BigReadArticleRow.swift; path = "Volume/View Models/BigReadArticleRow.swift"; sourceTree = SOURCE_ROOT; };
		7EA73D27254C9C67009E8F9F /* Article.swift */ = {isa = PBXFileReference; lastKnownFileType = sourcecode.swift; name = Article.swift; path = Volume/Models/Article.swift; sourceTree = SOURCE_ROOT; };
		7EA73D30254CA7E1009E8F9F /* ArticleInfo.swift */ = {isa = PBXFileReference; lastKnownFileType = sourcecode.swift; name = ArticleInfo.swift; path = "Volume/View Models/ArticleInfo.swift"; sourceTree = SOURCE_ROOT; };
		7ED7C333252D117A0078B1BD /* Volume.app */ = {isa = PBXFileReference; explicitFileType = wrapper.application; includeInIndex = 0; path = Volume.app; sourceTree = BUILT_PRODUCTS_DIR; };
		7ED7C336252D117A0078B1BD /* AppDelegate.swift */ = {isa = PBXFileReference; lastKnownFileType = sourcecode.swift; path = AppDelegate.swift; sourceTree = "<group>"; };
		7ED7C338252D117A0078B1BD /* SceneDelegate.swift */ = {isa = PBXFileReference; lastKnownFileType = sourcecode.swift; path = SceneDelegate.swift; sourceTree = "<group>"; };
		7ED7C33A252D117A0078B1BD /* ContentView.swift */ = {isa = PBXFileReference; lastKnownFileType = sourcecode.swift; path = ContentView.swift; sourceTree = "<group>"; };
		7ED7C33C252D117B0078B1BD /* Assets.xcassets */ = {isa = PBXFileReference; lastKnownFileType = folder.assetcatalog; path = Assets.xcassets; sourceTree = "<group>"; };
		7ED7C33F252D117B0078B1BD /* Preview Assets.xcassets */ = {isa = PBXFileReference; lastKnownFileType = folder.assetcatalog; path = "Preview Assets.xcassets"; sourceTree = "<group>"; };
		7ED7C342252D117B0078B1BD /* Base */ = {isa = PBXFileReference; lastKnownFileType = file.storyboard; name = Base; path = Base.lproj/LaunchScreen.storyboard; sourceTree = "<group>"; };
		7ED7C344252D117B0078B1BD /* Info.plist */ = {isa = PBXFileReference; lastKnownFileType = text.plist.xml; path = Info.plist; sourceTree = "<group>"; };
		7EE96DC72562505B000B246F /* VolumeMessage.swift */ = {isa = PBXFileReference; lastKnownFileType = sourcecode.swift; path = VolumeMessage.swift; sourceTree = "<group>"; };
		D32EB2090817668BEAC82D6E /* Pods_Volume.framework */ = {isa = PBXFileReference; explicitFileType = wrapper.framework; includeInIndex = 0; path = Pods_Volume.framework; sourceTree = BUILT_PRODUCTS_DIR; };
		DF5EFCC853D9C0E4D2B12CF8 /* Pods-Volume.release.xcconfig */ = {isa = PBXFileReference; includeInIndex = 1; lastKnownFileType = text.xcconfig; name = "Pods-Volume.release.xcconfig"; path = "Target Support Files/Pods-Volume/Pods-Volume.release.xcconfig"; sourceTree = "<group>"; };
		F2053254C964840259C8121C /* Pods-Volume.debug.xcconfig */ = {isa = PBXFileReference; includeInIndex = 1; lastKnownFileType = text.xcconfig; name = "Pods-Volume.debug.xcconfig"; path = "Target Support Files/Pods-Volume/Pods-Volume.debug.xcconfig"; sourceTree = "<group>"; };
/* End PBXFileReference section */

/* Begin PBXFrameworksBuildPhase section */
		7ED7C330252D117A0078B1BD /* Frameworks */ = {
			isa = PBXFrameworksBuildPhase;
			buildActionMask = 2147483647;
			files = (
				3EFA024161D57110FD6230CC /* Pods_Volume.framework in Frameworks */,
			);
			runOnlyForDeploymentPostprocessing = 0;
		};
/* End PBXFrameworksBuildPhase section */

/* Begin PBXGroup section */
		060FFDD82577EC800052F3EA /* Onboarding */ = {
			isa = PBXGroup;
			children = (
				060FFDDB2577EC800052F3EA /* OnboardingView.swift */,
				060FFDD92577EC800052F3EA /* WelcomeView.swift */,
				060FFDDA2577EC800052F3EA /* FollowView.swift */,
			);
			name = Onboarding;
			path = Volume/Views/Onboarding;
			sourceTree = SOURCE_ROOT;
		};
		06379C76256725C900FC185A /* Fonts */ = {
			isa = PBXGroup;
			children = (
				06379C73256725C000FC185A /* Begum-Regular.ttf */,
				060B7399256373AE0035E252 /* Begum-Medium.ttf */,
				06379C782567297400FC185A /* Begum-Bold.ttf */,
			);
			path = Fonts;
			sourceTree = "<group>";
		};
		063EED20257BF82E002136EE /* Networking */ = {
			isa = PBXGroup;
			children = (
				7E369DF525EEA41300FC0419 /* API.swift */,
				7E369DE725EDE3B600FC0419 /* schema.json */,
				063EED24257BF8A7002136EE /* Network.swift */,
				063EED49257BFDA9002136EE /* PublicationsQueries.graphql */,
				06B80CFB257D9E9700F3BF9B /* ArticlesQueries.graphql */,
				0685AAA3259EC2AF00DD55C4 /* ArticlesMutations.graphql */,
			);
			path = Networking;
			sourceTree = "<group>";
		};
		063EED21257BF853002136EE /* Supporting */ = {
			isa = PBXGroup;
			children = (
				7ED7C336252D117A0078B1BD /* AppDelegate.swift */,
				7ED7C338252D117A0078B1BD /* SceneDelegate.swift */,
				06662887257F204E006FEBCF /* Secrets.swift */,
				06DBC683257DE35F00B6A453 /* UserData.swift */,
				7ED7C344252D117B0078B1BD /* Info.plist */,
				7ED7C341252D117B0078B1BD /* LaunchScreen.storyboard */,
				063EED22257BF870002136EE /* Podfile */,
				061BA9E0259E355C00B93AEB /* Secrets.plist */,
			);
			path = Supporting;
			sourceTree = "<group>";
		};
		0647BF8C2577F60400D44BC7 /* MainView */ = {
			isa = PBXGroup;
			children = (
				06A8E2522575429200C28C68 /* MainView.swift */,
				7EA73D1E254C9BC8009E8F9F /* HomeList.swift */,
				7E8658A7254B719A002DEE68 /* PublicationList.swift */,
				7E416C352561E0650010D70B /* BookmarksList.swift */,
			);
			path = MainView;
			sourceTree = "<group>";
		};
		06EC2D21259CECF800FE0A71 /* PublicationDetail */ = {
			isa = PBXGroup;
			children = (
				7E8658A4254B7173002DEE68 /* PublicationDetail.swift */,
				06EC2D23259CED0500FE0A71 /* PublicationDetailHeader.swift */,
			);
			path = PublicationDetail;
			sourceTree = "<group>";
		};
		6765CF872AD6C3F7EF82641F /* Frameworks */ = {
			isa = PBXGroup;
			children = (
				D32EB2090817668BEAC82D6E /* Pods_Volume.framework */,
			);
			name = Frameworks;
			sourceTree = "<group>";
		};
		7E23DFD4254A05F80001C3A3 /* Extensions */ = {
			isa = PBXGroup;
			children = (
				7E23DFD1254A05EF0001C3A3 /* Color+Extension.swift */,
				7E416C2E2561D47C0010D70B /* Date+Extension.swift */,
				061DB39625571D760038BEF5 /* Font+Extension.swift */,
				06B80D12257DC18600F3BF9B /* WebImage+Extension.swift */,
			);
			path = Extensions;
			sourceTree = "<group>";
		};
		7E23DFDC254A0FEA0001C3A3 /* Views */ = {
			isa = PBXGroup;
			children = (
				7ED7C33A252D117A0078B1BD /* ContentView.swift */,
				0685AA9D259EA84900DD55C4 /* BrowserView.swift */,
				060FFDD82577EC800052F3EA /* Onboarding */,
				0647BF8C2577F60400D44BC7 /* MainView */,
				06EC2D21259CECF800FE0A71 /* PublicationDetail */,
			);
			path = Views;
			sourceTree = "<group>";
		};
		7E51586325589D3F003A0F4A /* Models */ = {
			isa = PBXGroup;
			children = (
				7EA73D27254C9C67009E8F9F /* Article.swift */,
				7E8658AD254B71FF002DEE68 /* Publication.swift */,
			);
			path = Models;
			sourceTree = "<group>";
		};
		7E51586425589D52003A0F4A /* View Models */ = {
			isa = PBXGroup;
			children = (
				7EA73D30254CA7E1009E8F9F /* ArticleInfo.swift */,
				7EA73D21254C9C21009E8F9F /* ArticleRow.swift */,
				7EA73D24254C9C5B009E8F9F /* BigReadArticleRow.swift */,
				7E8658B4254B7FF2002DEE68 /* FollowingPublicationRow.swift */,
				7E8658AA254B71D7002DEE68 /* MorePublicationRow.swift */,
			);
			path = "View Models";
			sourceTree = "<group>";
		};
		7EA73D2B254C9E55009E8F9F /* Supporting Views */ = {
			isa = PBXGroup;
			children = (
				060B738A256340580035E252 /* BubblePeriodText.swift */,
				7E416C312561D7870010D70B /* Header.swift */,
				06B23227258EDDA9006D9A53 /* SkeletonView.swift */,
				06491F7225787E870045F27D /* TrackableScrollView.swift */,
				061233A02553127C0025F7E0 /* UnderlinedText.swift */,
				7EE96DC72562505B000B246F /* VolumeMessage.swift */,
				0685AAA0259EBA3800DD55C4 /* WebView.swift */,
			);
			path = "Supporting Views";
			sourceTree = "<group>";
		};
		7ED7C32A252D117A0078B1BD = {
			isa = PBXGroup;
			children = (
				7ED7C335252D117A0078B1BD /* Volume */,
				7ED7C334252D117A0078B1BD /* Products */,
				83C84BDB5D19AF58134A64D3 /* Pods */,
				6765CF872AD6C3F7EF82641F /* Frameworks */,
			);
			sourceTree = "<group>";
		};
		7ED7C334252D117A0078B1BD /* Products */ = {
			isa = PBXGroup;
			children = (
				7ED7C333252D117A0078B1BD /* Volume.app */,
			);
			name = Products;
			sourceTree = "<group>";
		};
		7ED7C335252D117A0078B1BD /* Volume */ = {
			isa = PBXGroup;
			children = (
				7E51586325589D3F003A0F4A /* Models */,
				7E23DFDC254A0FEA0001C3A3 /* Views */,
				7E51586425589D52003A0F4A /* View Models */,
				7EA73D2B254C9E55009E8F9F /* Supporting Views */,
				063EED20257BF82E002136EE /* Networking */,
				7ED7C33C252D117B0078B1BD /* Assets.xcassets */,
				7E23DFD4254A05F80001C3A3 /* Extensions */,
				063EED21257BF853002136EE /* Supporting */,
				06379C76256725C900FC185A /* Fonts */,
				7ED7C33E252D117B0078B1BD /* Preview Content */,
			);
			path = Volume;
			sourceTree = "<group>";
		};
		7ED7C33E252D117B0078B1BD /* Preview Content */ = {
			isa = PBXGroup;
			children = (
				7ED7C33F252D117B0078B1BD /* Preview Assets.xcassets */,
			);
			path = "Preview Content";
			sourceTree = "<group>";
		};
		83C84BDB5D19AF58134A64D3 /* Pods */ = {
			isa = PBXGroup;
			children = (
				F2053254C964840259C8121C /* Pods-Volume.debug.xcconfig */,
				DF5EFCC853D9C0E4D2B12CF8 /* Pods-Volume.release.xcconfig */,
			);
			path = Pods;
			sourceTree = "<group>";
		};
/* End PBXGroup section */

/* Begin PBXNativeTarget section */
		7ED7C332252D117A0078B1BD /* Volume */ = {
			isa = PBXNativeTarget;
			buildConfigurationList = 7ED7C347252D117B0078B1BD /* Build configuration list for PBXNativeTarget "Volume" */;
			buildPhases = (
				C2FED29A6898CA49C81DBF25 /* [CP] Check Pods Manifest.lock */,
				063EED1A257BF7F7002136EE /* Generate Apollo GraphQL API */,
				7ED7C32F252D117A0078B1BD /* Sources */,
				7ED7C330252D117A0078B1BD /* Frameworks */,
				7ED7C331252D117A0078B1BD /* Resources */,
				7E1092AB2545262000914ED6 /* SwiftLint Run Script */,
				1AB53B79643C43780EAC2070 /* [CP] Embed Pods Frameworks */,
			);
			buildRules = (
			);
			dependencies = (
			);
			name = Volume;
			productName = Volume;
			productReference = 7ED7C333252D117A0078B1BD /* Volume.app */;
			productType = "com.apple.product-type.application";
		};
/* End PBXNativeTarget section */

/* Begin PBXProject section */
		7ED7C32B252D117A0078B1BD /* Project object */ = {
			isa = PBXProject;
			attributes = {
				LastSwiftUpdateCheck = 1130;
				LastUpgradeCheck = 1210;
				ORGANIZATIONNAME = "Cornell AppDev";
				TargetAttributes = {
					7ED7C332252D117A0078B1BD = {
						CreatedOnToolsVersion = 11.3.1;
					};
				};
			};
			buildConfigurationList = 7ED7C32E252D117A0078B1BD /* Build configuration list for PBXProject "Volume" */;
			compatibilityVersion = "Xcode 9.3";
			developmentRegion = en;
			hasScannedForEncodings = 0;
			knownRegions = (
				en,
				Base,
			);
			mainGroup = 7ED7C32A252D117A0078B1BD;
			productRefGroup = 7ED7C334252D117A0078B1BD /* Products */;
			projectDirPath = "";
			projectRoot = "";
			targets = (
				7ED7C332252D117A0078B1BD /* Volume */,
			);
		};
/* End PBXProject section */

/* Begin PBXResourcesBuildPhase section */
		7ED7C331252D117A0078B1BD /* Resources */ = {
			isa = PBXResourcesBuildPhase;
			buildActionMask = 2147483647;
			files = (
				060B739A256373AF0035E252 /* Begum-Medium.ttf in Resources */,
				061BA9E1259E355C00B93AEB /* Secrets.plist in Resources */,
				7ED7C343252D117B0078B1BD /* LaunchScreen.storyboard in Resources */,
				7ED7C340252D117B0078B1BD /* Preview Assets.xcassets in Resources */,
				063EED4A257BFDA9002136EE /* PublicationsQueries.graphql in Resources */,
				06B80CFC257D9E9700F3BF9B /* ArticlesQueries.graphql in Resources */,
				7E369DE825EDE3B600FC0419 /* schema.json in Resources */,
				0685AAA4259EC2AF00DD55C4 /* ArticlesMutations.graphql in Resources */,
				7ED7C33D252D117B0078B1BD /* Assets.xcassets in Resources */,
				06379C792567297400FC185A /* Begum-Bold.ttf in Resources */,
				06379C74256725C000FC185A /* Begum-Regular.ttf in Resources */,
			);
			runOnlyForDeploymentPostprocessing = 0;
		};
/* End PBXResourcesBuildPhase section */

/* Begin PBXShellScriptBuildPhase section */
		063EED1A257BF7F7002136EE /* Generate Apollo GraphQL API */ = {
			isa = PBXShellScriptBuildPhase;
			buildActionMask = 2147483647;
			files = (
			);
			inputFileListPaths = (
			);
			inputPaths = (
			);
			name = "Generate Apollo GraphQL API";
			outputFileListPaths = (
			);
			outputPaths = (
			);
			runOnlyForDeploymentPostprocessing = 0;
			shellPath = /bin/sh;
			shellScript = "SCRIPT_PATH=\"${PODS_ROOT}/Apollo/scripts\"\ncd \"${SRCROOT}/${TARGET_NAME}\"\n\"${SCRIPT_PATH}\"/run-bundled-codegen.sh codegen:generate --target=swift --includes=./**/*.graphql --localSchemaFile=\"Networking/schema.json\" Networking/API.swift\n";
		};
		1AB53B79643C43780EAC2070 /* [CP] Embed Pods Frameworks */ = {
			isa = PBXShellScriptBuildPhase;
			buildActionMask = 2147483647;
			files = (
			);
			inputFileListPaths = (
				"${PODS_ROOT}/Target Support Files/Pods-Volume/Pods-Volume-frameworks-${CONFIGURATION}-input-files.xcfilelist",
			);
			name = "[CP] Embed Pods Frameworks";
			outputFileListPaths = (
				"${PODS_ROOT}/Target Support Files/Pods-Volume/Pods-Volume-frameworks-${CONFIGURATION}-output-files.xcfilelist",
			);
			runOnlyForDeploymentPostprocessing = 0;
			shellPath = /bin/sh;
			shellScript = "\"${PODS_ROOT}/Target Support Files/Pods-Volume/Pods-Volume-frameworks.sh\"\n";
			showEnvVarsInLog = 0;
		};
		7E1092AB2545262000914ED6 /* SwiftLint Run Script */ = {
			isa = PBXShellScriptBuildPhase;
			buildActionMask = 2147483647;
			files = (
			);
			inputFileListPaths = (
			);
			inputPaths = (
			);
			name = "SwiftLint Run Script";
			outputFileListPaths = (
			);
			outputPaths = (
			);
			runOnlyForDeploymentPostprocessing = 0;
			shellPath = /bin/sh;
			shellScript = "if which swiftlint >/dev/null; then\n  swiftlint\nelse\n  echo \"warning: SwiftLint not installed, download from https://github.com/realm/SwiftLint\"\nfi\n";
		};
		C2FED29A6898CA49C81DBF25 /* [CP] Check Pods Manifest.lock */ = {
			isa = PBXShellScriptBuildPhase;
			buildActionMask = 2147483647;
			files = (
			);
			inputFileListPaths = (
			);
			inputPaths = (
				"${PODS_PODFILE_DIR_PATH}/Podfile.lock",
				"${PODS_ROOT}/Manifest.lock",
			);
			name = "[CP] Check Pods Manifest.lock";
			outputFileListPaths = (
			);
			outputPaths = (
				"$(DERIVED_FILE_DIR)/Pods-Volume-checkManifestLockResult.txt",
			);
			runOnlyForDeploymentPostprocessing = 0;
			shellPath = /bin/sh;
			shellScript = "diff \"${PODS_PODFILE_DIR_PATH}/Podfile.lock\" \"${PODS_ROOT}/Manifest.lock\" > /dev/null\nif [ $? != 0 ] ; then\n    # print error to STDERR\n    echo \"error: The sandbox is not in sync with the Podfile.lock. Run 'pod install' or update your CocoaPods installation.\" >&2\n    exit 1\nfi\n# This output is used by Xcode 'outputs' to avoid re-running this script phase.\necho \"SUCCESS\" > \"${SCRIPT_OUTPUT_FILE_0}\"\n";
			showEnvVarsInLog = 0;
		};
/* End PBXShellScriptBuildPhase section */

/* Begin PBXSourcesBuildPhase section */
		7ED7C32F252D117A0078B1BD /* Sources */ = {
			isa = PBXSourcesBuildPhase;
			buildActionMask = 2147483647;
			files = (
				06B80D13257DC18600F3BF9B /* WebImage+Extension.swift in Sources */,
				7EC15D9F257767ED0053BA0B /* Publication.swift in Sources */,
				7EC15DA0257767ED0053BA0B /* FollowingPublicationRow.swift in Sources */,
				7EC15DA1257767ED0053BA0B /* MorePublicationRow.swift in Sources */,
				7EC15DA2257767ED0053BA0B /* PublicationDetail.swift in Sources */,
				7EC15DA3257767ED0053BA0B /* PublicationList.swift in Sources */,
				0685AAA1259EBA3800DD55C4 /* WebView.swift in Sources */,
				7E416C362561E0650010D70B /* BookmarksList.swift in Sources */,
				0685AA9E259EA84900DD55C4 /* BrowserView.swift in Sources */,
				7E23DFD2254A05EF0001C3A3 /* Color+Extension.swift in Sources */,
				7E416C2F2561D47C0010D70B /* Date+Extension.swift in Sources */,
				7EA73D1F254C9BC8009E8F9F /* HomeList.swift in Sources */,
				7ED7C337252D117A0078B1BD /* AppDelegate.swift in Sources */,
				7E416C322561D7870010D70B /* Header.swift in Sources */,
				06B23228258EDDA9006D9A53 /* SkeletonView.swift in Sources */,
				06662888257F204E006FEBCF /* Secrets.swift in Sources */,
				061DB39725571D760038BEF5 /* Font+Extension.swift in Sources */,
				060FFDDD2577EC800052F3EA /* FollowView.swift in Sources */,
				061233A12553127C0025F7E0 /* UnderlinedText.swift in Sources */,
				7ED7C339252D117A0078B1BD /* SceneDelegate.swift in Sources */,
				06DBC684257DE35F00B6A453 /* UserData.swift in Sources */,
				7EA73D31254CA7E2009E8F9F /* ArticleInfo.swift in Sources */,
				7EA73D28254C9C67009E8F9F /* Article.swift in Sources */,
				7EE96DC82562505B000B246F /* VolumeMessage.swift in Sources */,
				060FFDDC2577EC800052F3EA /* WelcomeView.swift in Sources */,
				7EA73D25254C9C5B009E8F9F /* BigReadArticleRow.swift in Sources */,
				06A8E2532575429200C28C68 /* MainView.swift in Sources */,
				7ED7C33B252D117A0078B1BD /* ContentView.swift in Sources */,
				06EC2D24259CED0500FE0A71 /* PublicationDetailHeader.swift in Sources */,
				060FFDDE2577EC800052F3EA /* OnboardingView.swift in Sources */,
				063EED25257BF8A7002136EE /* Network.swift in Sources */,
				7EA73D22254C9C21009E8F9F /* ArticleRow.swift in Sources */,
				060B738B256340580035E252 /* BubblePeriodText.swift in Sources */,
				06491F7325787E870045F27D /* TrackableScrollView.swift in Sources */,
				7E369DF625EEA41300FC0419 /* API.swift in Sources */,
			);
			runOnlyForDeploymentPostprocessing = 0;
		};
/* End PBXSourcesBuildPhase section */

/* Begin PBXVariantGroup section */
		7ED7C341252D117B0078B1BD /* LaunchScreen.storyboard */ = {
			isa = PBXVariantGroup;
			children = (
				7ED7C342252D117B0078B1BD /* Base */,
			);
			name = LaunchScreen.storyboard;
			sourceTree = "<group>";
		};
/* End PBXVariantGroup section */

/* Begin XCBuildConfiguration section */
		7ED7C345252D117B0078B1BD /* Debug */ = {
			isa = XCBuildConfiguration;
			buildSettings = {
				ALWAYS_SEARCH_USER_PATHS = NO;
				CLANG_ANALYZER_NONNULL = YES;
				CLANG_ANALYZER_NUMBER_OBJECT_CONVERSION = YES_AGGRESSIVE;
				CLANG_CXX_LANGUAGE_STANDARD = "gnu++14";
				CLANG_CXX_LIBRARY = "libc++";
				CLANG_ENABLE_MODULES = YES;
				CLANG_ENABLE_OBJC_ARC = YES;
				CLANG_ENABLE_OBJC_WEAK = YES;
				CLANG_WARN_BLOCK_CAPTURE_AUTORELEASING = YES;
				CLANG_WARN_BOOL_CONVERSION = YES;
				CLANG_WARN_COMMA = YES;
				CLANG_WARN_CONSTANT_CONVERSION = YES;
				CLANG_WARN_DEPRECATED_OBJC_IMPLEMENTATIONS = YES;
				CLANG_WARN_DIRECT_OBJC_ISA_USAGE = YES_ERROR;
				CLANG_WARN_DOCUMENTATION_COMMENTS = YES;
				CLANG_WARN_EMPTY_BODY = YES;
				CLANG_WARN_ENUM_CONVERSION = YES;
				CLANG_WARN_INFINITE_RECURSION = YES;
				CLANG_WARN_INT_CONVERSION = YES;
				CLANG_WARN_NON_LITERAL_NULL_CONVERSION = YES;
				CLANG_WARN_OBJC_IMPLICIT_RETAIN_SELF = YES;
				CLANG_WARN_OBJC_LITERAL_CONVERSION = YES;
				CLANG_WARN_OBJC_ROOT_CLASS = YES_ERROR;
				CLANG_WARN_QUOTED_INCLUDE_IN_FRAMEWORK_HEADER = YES;
				CLANG_WARN_RANGE_LOOP_ANALYSIS = YES;
				CLANG_WARN_STRICT_PROTOTYPES = YES;
				CLANG_WARN_SUSPICIOUS_MOVE = YES;
				CLANG_WARN_UNGUARDED_AVAILABILITY = YES_AGGRESSIVE;
				CLANG_WARN_UNREACHABLE_CODE = YES;
				CLANG_WARN__DUPLICATE_METHOD_MATCH = YES;
				COPY_PHASE_STRIP = NO;
				DEBUG_INFORMATION_FORMAT = dwarf;
				ENABLE_STRICT_OBJC_MSGSEND = YES;
				ENABLE_TESTABILITY = YES;
				GCC_C_LANGUAGE_STANDARD = gnu11;
				GCC_DYNAMIC_NO_PIC = NO;
				GCC_NO_COMMON_BLOCKS = YES;
				GCC_OPTIMIZATION_LEVEL = 0;
				GCC_PREPROCESSOR_DEFINITIONS = (
					"DEBUG=1",
					"$(inherited)",
				);
				GCC_WARN_64_TO_32_BIT_CONVERSION = YES;
				GCC_WARN_ABOUT_RETURN_TYPE = YES_ERROR;
				GCC_WARN_UNDECLARED_SELECTOR = YES;
				GCC_WARN_UNINITIALIZED_AUTOS = YES_AGGRESSIVE;
				GCC_WARN_UNUSED_FUNCTION = YES;
				GCC_WARN_UNUSED_VARIABLE = YES;
				IPHONEOS_DEPLOYMENT_TARGET = 14.0;
				MTL_ENABLE_DEBUG_INFO = INCLUDE_SOURCE;
				MTL_FAST_MATH = YES;
				ONLY_ACTIVE_ARCH = YES;
				SDKROOT = iphoneos;
				SWIFT_ACTIVE_COMPILATION_CONDITIONS = DEBUG;
				SWIFT_OPTIMIZATION_LEVEL = "-Onone";
			};
			name = Debug;
		};
		7ED7C346252D117B0078B1BD /* Release */ = {
			isa = XCBuildConfiguration;
			buildSettings = {
				ALWAYS_SEARCH_USER_PATHS = NO;
				CLANG_ANALYZER_NONNULL = YES;
				CLANG_ANALYZER_NUMBER_OBJECT_CONVERSION = YES_AGGRESSIVE;
				CLANG_CXX_LANGUAGE_STANDARD = "gnu++14";
				CLANG_CXX_LIBRARY = "libc++";
				CLANG_ENABLE_MODULES = YES;
				CLANG_ENABLE_OBJC_ARC = YES;
				CLANG_ENABLE_OBJC_WEAK = YES;
				CLANG_WARN_BLOCK_CAPTURE_AUTORELEASING = YES;
				CLANG_WARN_BOOL_CONVERSION = YES;
				CLANG_WARN_COMMA = YES;
				CLANG_WARN_CONSTANT_CONVERSION = YES;
				CLANG_WARN_DEPRECATED_OBJC_IMPLEMENTATIONS = YES;
				CLANG_WARN_DIRECT_OBJC_ISA_USAGE = YES_ERROR;
				CLANG_WARN_DOCUMENTATION_COMMENTS = YES;
				CLANG_WARN_EMPTY_BODY = YES;
				CLANG_WARN_ENUM_CONVERSION = YES;
				CLANG_WARN_INFINITE_RECURSION = YES;
				CLANG_WARN_INT_CONVERSION = YES;
				CLANG_WARN_NON_LITERAL_NULL_CONVERSION = YES;
				CLANG_WARN_OBJC_IMPLICIT_RETAIN_SELF = YES;
				CLANG_WARN_OBJC_LITERAL_CONVERSION = YES;
				CLANG_WARN_OBJC_ROOT_CLASS = YES_ERROR;
				CLANG_WARN_QUOTED_INCLUDE_IN_FRAMEWORK_HEADER = YES;
				CLANG_WARN_RANGE_LOOP_ANALYSIS = YES;
				CLANG_WARN_STRICT_PROTOTYPES = YES;
				CLANG_WARN_SUSPICIOUS_MOVE = YES;
				CLANG_WARN_UNGUARDED_AVAILABILITY = YES_AGGRESSIVE;
				CLANG_WARN_UNREACHABLE_CODE = YES;
				CLANG_WARN__DUPLICATE_METHOD_MATCH = YES;
				COPY_PHASE_STRIP = NO;
				DEBUG_INFORMATION_FORMAT = "dwarf-with-dsym";
				ENABLE_NS_ASSERTIONS = NO;
				ENABLE_STRICT_OBJC_MSGSEND = YES;
				GCC_C_LANGUAGE_STANDARD = gnu11;
				GCC_NO_COMMON_BLOCKS = YES;
				GCC_WARN_64_TO_32_BIT_CONVERSION = YES;
				GCC_WARN_ABOUT_RETURN_TYPE = YES_ERROR;
				GCC_WARN_UNDECLARED_SELECTOR = YES;
				GCC_WARN_UNINITIALIZED_AUTOS = YES_AGGRESSIVE;
				GCC_WARN_UNUSED_FUNCTION = YES;
				GCC_WARN_UNUSED_VARIABLE = YES;
				IPHONEOS_DEPLOYMENT_TARGET = 14.0;
				MTL_ENABLE_DEBUG_INFO = NO;
				MTL_FAST_MATH = YES;
				SDKROOT = iphoneos;
				SWIFT_COMPILATION_MODE = wholemodule;
				SWIFT_OPTIMIZATION_LEVEL = "-O";
				VALIDATE_PRODUCT = YES;
			};
			name = Release;
		};
		7ED7C348252D117B0078B1BD /* Debug */ = {
			isa = XCBuildConfiguration;
			baseConfigurationReference = F2053254C964840259C8121C /* Pods-Volume.debug.xcconfig */;
			buildSettings = {
				ASSETCATALOG_COMPILER_APPICON_NAME = AppIcon;
				CODE_SIGN_STYLE = Automatic;
				CURRENT_PROJECT_VERSION = 2;
				DEVELOPMENT_ASSET_PATHS = "\"Volume/Preview Content\"";
				DEVELOPMENT_TEAM = ZGMCXU7X3U;
				ENABLE_PREVIEWS = YES;
				INFOPLIST_FILE = "$(SRCROOT)/Volume/Supporting/Info.plist";
				IPHONEOS_DEPLOYMENT_TARGET = 14.1;
				LD_RUNPATH_SEARCH_PATHS = (
					"$(inherited)",
					"@executable_path/Frameworks",
				);
				PRODUCT_BUNDLE_IDENTIFIER = "com.cornellappdev.volume-ios";
				PRODUCT_NAME = "$(TARGET_NAME)";
				SWIFT_VERSION = 5.0;
				TARGETED_DEVICE_FAMILY = "1,2";
			};
			name = Debug;
		};
		7ED7C349252D117B0078B1BD /* Release */ = {
			isa = XCBuildConfiguration;
			baseConfigurationReference = DF5EFCC853D9C0E4D2B12CF8 /* Pods-Volume.release.xcconfig */;
			buildSettings = {
				ASSETCATALOG_COMPILER_APPICON_NAME = AppIcon;
				CODE_SIGN_STYLE = Automatic;
				CURRENT_PROJECT_VERSION = 2;
				DEVELOPMENT_ASSET_PATHS = "\"Volume/Preview Content\"";
				DEVELOPMENT_TEAM = ZGMCXU7X3U;
				ENABLE_PREVIEWS = YES;
				INFOPLIST_FILE = "$(SRCROOT)/Volume/Supporting/Info.plist";
				IPHONEOS_DEPLOYMENT_TARGET = 14.1;
				LD_RUNPATH_SEARCH_PATHS = (
					"$(inherited)",
					"@executable_path/Frameworks",
				);
				PRODUCT_BUNDLE_IDENTIFIER = "com.cornellappdev.volume-ios";
				PRODUCT_NAME = "$(TARGET_NAME)";
				SWIFT_VERSION = 5.0;
				TARGETED_DEVICE_FAMILY = "1,2";
			};
			name = Release;
		};
/* End XCBuildConfiguration section */

/* Begin XCConfigurationList section */
		7ED7C32E252D117A0078B1BD /* Build configuration list for PBXProject "Volume" */ = {
			isa = XCConfigurationList;
			buildConfigurations = (
				7ED7C345252D117B0078B1BD /* Debug */,
				7ED7C346252D117B0078B1BD /* Release */,
			);
			defaultConfigurationIsVisible = 0;
			defaultConfigurationName = Release;
		};
		7ED7C347252D117B0078B1BD /* Build configuration list for PBXNativeTarget "Volume" */ = {
			isa = XCConfigurationList;
			buildConfigurations = (
				7ED7C348252D117B0078B1BD /* Debug */,
				7ED7C349252D117B0078B1BD /* Release */,
			);
			defaultConfigurationIsVisible = 0;
			defaultConfigurationName = Release;
		};
/* End XCConfigurationList section */
	};
	rootObject = 7ED7C32B252D117A0078B1BD /* Project object */;
}
